
Microsoft Visual Studio Solution File, Format Version 12.00
# Visual Studio Version 16
VisualStudioVersion = 16.0.30413.136
MinimumVisualStudioVersion = 10.0.40219.1
Project("{FAE04EC0-301F-11D3-BF4B-00C04F79EFBC}") = "GFT_API_DB", "GFT_API_DB\GFT_API_DB.csproj", "{7344C495-C495-43BD-8441-96993919B046}"
EndProject
Project("{FAE04EC0-301F-11D3-BF4B-00C04F79EFBC}") = "UnitTests", "UnitTests\UnitTests.csproj", "{653ADF5F-FAEB-4B37-A3DB-34A736235DE2}"
EndProject
Global
	GlobalSection(SolutionConfigurationPlatforms) = preSolution
		Debug|Any CPU = Debug|Any CPU
		Release|Any CPU = Release|Any CPU
	EndGlobalSection
	GlobalSection(ProjectConfigurationPlatforms) = postSolution
		{7344C495-C495-43BD-8441-96993919B046}.Debug|Any CPU.ActiveCfg = Debug|Any CPU
		{7344C495-C495-43BD-8441-96993919B046}.Debug|Any CPU.Build.0 = Debug|Any CPU
		{7344C495-C495-43BD-8441-96993919B046}.Release|Any CPU.ActiveCfg = Release|Any CPU
		{7344C495-C495-43BD-8441-96993919B046}.Release|Any CPU.Build.0 = Release|Any CPU
		{653ADF5F-FAEB-4B37-A3DB-34A736235DE2}.Debug|Any CPU.ActiveCfg = Debug|Any CPU
		{653ADF5F-FAEB-4B37-A3DB-34A736235DE2}.Debug|Any CPU.Build.0 = Debug|Any CPU
		{653ADF5F-FAEB-4B37-A3DB-34A736235DE2}.Release|Any CPU.ActiveCfg = Release|Any CPU
		{653ADF5F-FAEB-4B37-A3DB-34A736235DE2}.Release|Any CPU.Build.0 = Release|Any CPU
	EndGlobalSection
	GlobalSection(SolutionProperties) = preSolution
		HideSolutionNode = FALSE
	EndGlobalSection
	GlobalSection(ExtensibilityGlobals) = postSolution
		SolutionGuid = {89DED3DB-C42C-4417-B253-B3E6BCDBAA5F}
	EndGlobalSection
EndGlobal
